
Microsoft Visual Studio Solution File, Format Version 12.00
# Visual Studio Version 17
VisualStudioVersion = 17.3.32929.385
MinimumVisualStudioVersion = 10.0.40219.1
Project("{FAE04EC0-301F-11D3-BF4B-00C04F79EFBC}") = "THA_W5_ALFRED_W", "THA_W5_ALFRED_W\THA_W5_ALFRED_W.csproj", "{B425C49B-4D8A-4DCC-9EC3-13B36C5D62FB}"
EndProject
Global
	GlobalSection(SolutionConfigurationPlatforms) = preSolution
		Debug|Any CPU = Debug|Any CPU
		Release|Any CPU = Release|Any CPU
	EndGlobalSection
	GlobalSection(ProjectConfigurationPlatforms) = postSolution
		{B425C49B-4D8A-4DCC-9EC3-13B36C5D62FB}.Debug|Any CPU.ActiveCfg = Debug|Any CPU
		{B425C49B-4D8A-4DCC-9EC3-13B36C5D62FB}.Debug|Any CPU.Build.0 = Debug|Any CPU
		{B425C49B-4D8A-4DCC-9EC3-13B36C5D62FB}.Release|Any CPU.ActiveCfg = Release|Any CPU
		{B425C49B-4D8A-4DCC-9EC3-13B36C5D62FB}.Release|Any CPU.Build.0 = Release|Any CPU
	EndGlobalSection
	GlobalSection(SolutionProperties) = preSolution
		HideSolutionNode = FALSE
	EndGlobalSection
	GlobalSection(ExtensibilityGlobals) = postSolution
		SolutionGuid = {5D15FA15-43CA-4435-9DA3-7E6533DE9A3B}
	EndGlobalSection
EndGlobal
